// !$*UTF8*$!
{
	archiveVersion = 1;
	classes = {
	};
	objectVersion = 50;
	objects = {

/* Begin PBXBuildFile section */
		25FBCC1B26374B5A00C68C03 /* Tests_iOS.swift in Sources */ = {isa = PBXBuildFile; fileRef = 25FBCC1A26374B5A00C68C03 /* Tests_iOS.swift */; };
		25FBCC2626374B5A00C68C03 /* Tests_macOS.swift in Sources */ = {isa = PBXBuildFile; fileRef = 25FBCC2526374B5A00C68C03 /* Tests_macOS.swift */; };
		25FBCC2826374B5A00C68C03 /* Basic_Calculator_AppApp.swift in Sources */ = {isa = PBXBuildFile; fileRef = 25FBCBFF26374B5700C68C03 /* Basic_Calculator_AppApp.swift */; };
		25FBCC2926374B5A00C68C03 /* Basic_Calculator_AppApp.swift in Sources */ = {isa = PBXBuildFile; fileRef = 25FBCBFF26374B5700C68C03 /* Basic_Calculator_AppApp.swift */; };
		25FBCC2A26374B5A00C68C03 /* ContentView.swift in Sources */ = {isa = PBXBuildFile; fileRef = 25FBCC0026374B5700C68C03 /* ContentView.swift */; };
		25FBCC2B26374B5A00C68C03 /* ContentView.swift in Sources */ = {isa = PBXBuildFile; fileRef = 25FBCC0026374B5700C68C03 /* ContentView.swift */; };
		25FBCC2C26374B5A00C68C03 /* Assets.xcassets in Resources */ = {isa = PBXBuildFile; fileRef = 25FBCC0126374B5A00C68C03 /* Assets.xcassets */; };
		25FBCC2D26374B5A00C68C03 /* Assets.xcassets in Resources */ = {isa = PBXBuildFile; fileRef = 25FBCC0126374B5A00C68C03 /* Assets.xcassets */; };
/* End PBXBuildFile section */

/* Begin PBXContainerItemProxy section */
		25FBCC1726374B5A00C68C03 /* PBXContainerItemProxy */ = {
			isa = PBXContainerItemProxy;
			containerPortal = 25FBCBFA26374B5600C68C03 /* Project object */;
			proxyType = 1;
			remoteGlobalIDString = 25FBCC0526374B5A00C68C03;
			remoteInfo = "Basic Calculator App (iOS)";
		};
		25FBCC2226374B5A00C68C03 /* PBXContainerItemProxy */ = {
			isa = PBXContainerItemProxy;
			containerPortal = 25FBCBFA26374B5600C68C03 /* Project object */;
			proxyType = 1;
			remoteGlobalIDString = 25FBCC0D26374B5A00C68C03;
			remoteInfo = "Basic Calculator App (macOS)";
		};
/* End PBXContainerItemProxy section */

/* Begin PBXFileReference section */
		25FBCBFF26374B5700C68C03 /* Basic_Calculator_AppApp.swift */ = {isa = PBXFileReference; lastKnownFileType = sourcecode.swift; path = Basic_Calculator_AppApp.swift; sourceTree = "<group>"; };
		25FBCC0026374B5700C68C03 /* ContentView.swift */ = {isa = PBXFileReference; lastKnownFileType = sourcecode.swift; path = ContentView.swift; sourceTree = "<group>"; };
		25FBCC0126374B5A00C68C03 /* Assets.xcassets */ = {isa = PBXFileReference; lastKnownFileType = folder.assetcatalog; path = Assets.xcassets; sourceTree = "<group>"; };
		25FBCC0626374B5A00C68C03 /* Basic Calculator App.app */ = {isa = PBXFileReference; explicitFileType = wrapper.application; includeInIndex = 0; path = "Basic Calculator App.app"; sourceTree = BUILT_PRODUCTS_DIR; };
		25FBCC0926374B5A00C68C03 /* Info.plist */ = {isa = PBXFileReference; lastKnownFileType = text.plist.xml; path = Info.plist; sourceTree = "<group>"; };
		25FBCC0E26374B5A00C68C03 /* Basic Calculator App.app */ = {isa = PBXFileReference; explicitFileType = wrapper.application; includeInIndex = 0; path = "Basic Calculator App.app"; sourceTree = BUILT_PRODUCTS_DIR; };
		25FBCC1026374B5A00C68C03 /* Info.plist */ = {isa = PBXFileReference; lastKnownFileType = text.plist.xml; path = Info.plist; sourceTree = "<group>"; };
		25FBCC1126374B5A00C68C03 /* macOS.entitlements */ = {isa = PBXFileReference; lastKnownFileType = text.plist.entitlements; path = macOS.entitlements; sourceTree = "<group>"; };
		25FBCC1626374B5A00C68C03 /* Tests iOS.xctest */ = {isa = PBXFileReference; explicitFileType = wrapper.cfbundle; includeInIndex = 0; path = "Tests iOS.xctest"; sourceTree = BUILT_PRODUCTS_DIR; };
		25FBCC1A26374B5A00C68C03 /* Tests_iOS.swift */ = {isa = PBXFileReference; lastKnownFileType = sourcecode.swift; path = Tests_iOS.swift; sourceTree = "<group>"; };
		25FBCC1C26374B5A00C68C03 /* Info.plist */ = {isa = PBXFileReference; lastKnownFileType = text.plist.xml; path = Info.plist; sourceTree = "<group>"; };
		25FBCC2126374B5A00C68C03 /* Tests macOS.xctest */ = {isa = PBXFileReference; explicitFileType = wrapper.cfbundle; includeInIndex = 0; path = "Tests macOS.xctest"; sourceTree = BUILT_PRODUCTS_DIR; };
		25FBCC2526374B5A00C68C03 /* Tests_macOS.swift */ = {isa = PBXFileReference; lastKnownFileType = sourcecode.swift; path = Tests_macOS.swift; sourceTree = "<group>"; };
		25FBCC2726374B5A00C68C03 /* Info.plist */ = {isa = PBXFileReference; lastKnownFileType = text.plist.xml; path = Info.plist; sourceTree = "<group>"; };
/* End PBXFileReference section */

/* Begin PBXFrameworksBuildPhase section */
		25FBCC0326374B5A00C68C03 /* Frameworks */ = {
			isa = PBXFrameworksBuildPhase;
			buildActionMask = 2147483647;
			files = (
			);
			runOnlyForDeploymentPostprocessing = 0;
		};
		25FBCC0B26374B5A00C68C03 /* Frameworks */ = {
			isa = PBXFrameworksBuildPhase;
			buildActionMask = 2147483647;
			files = (
			);
			runOnlyForDeploymentPostprocessing = 0;
		};
		25FBCC1326374B5A00C68C03 /* Frameworks */ = {
			isa = PBXFrameworksBuildPhase;
			buildActionMask = 2147483647;
			files = (
			);
			runOnlyForDeploymentPostprocessing = 0;
		};
		25FBCC1E26374B5A00C68C03 /* Frameworks */ = {
			isa = PBXFrameworksBuildPhase;
			buildActionMask = 2147483647;
			files = (
			);
			runOnlyForDeploymentPostprocessing = 0;
		};
/* End PBXFrameworksBuildPhase section */

/* Begin PBXGroup section */
		25FBCBF926374B5600C68C03 = {
			isa = PBXGroup;
			children = (
				25FBCBFE26374B5600C68C03 /* Shared */,
				25FBCC0826374B5A00C68C03 /* iOS */,
				25FBCC0F26374B5A00C68C03 /* macOS */,
				25FBCC1926374B5A00C68C03 /* Tests iOS */,
				25FBCC2426374B5A00C68C03 /* Tests macOS */,
				25FBCC0726374B5A00C68C03 /* Products */,
			);
			sourceTree = "<group>";
		};
		25FBCBFE26374B5600C68C03 /* Shared */ = {
			isa = PBXGroup;
			children = (
				25FBCBFF26374B5700C68C03 /* Basic_Calculator_AppApp.swift */,
				25FBCC0026374B5700C68C03 /* ContentView.swift */,
				25FBCC0126374B5A00C68C03 /* Assets.xcassets */,
			);
			path = Shared;
			sourceTree = "<group>";
		};
		25FBCC0726374B5A00C68C03 /* Products */ = {
			isa = PBXGroup;
			children = (
				25FBCC0626374B5A00C68C03 /* Basic Calculator App.app */,
				25FBCC0E26374B5A00C68C03 /* Basic Calculator App.app */,
				25FBCC1626374B5A00C68C03 /* Tests iOS.xctest */,
				25FBCC2126374B5A00C68C03 /* Tests macOS.xctest */,
			);
			name = Products;
			sourceTree = "<group>";
		};
		25FBCC0826374B5A00C68C03 /* iOS */ = {
			isa = PBXGroup;
			children = (
				25FBCC0926374B5A00C68C03 /* Info.plist */,
			);
			path = iOS;
			sourceTree = "<group>";
		};
		25FBCC0F26374B5A00C68C03 /* macOS */ = {
			isa = PBXGroup;
			children = (
				25FBCC1026374B5A00C68C03 /* Info.plist */,
				25FBCC1126374B5A00C68C03 /* macOS.entitlements */,
			);
			path = macOS;
			sourceTree = "<group>";
		};
		25FBCC1926374B5A00C68C03 /* Tests iOS */ = {
			isa = PBXGroup;
			children = (
				25FBCC1A26374B5A00C68C03 /* Tests_iOS.swift */,
				25FBCC1C26374B5A00C68C03 /* Info.plist */,
			);
			path = "Tests iOS";
			sourceTree = "<group>";
		};
		25FBCC2426374B5A00C68C03 /* Tests macOS */ = {
			isa = PBXGroup;
			children = (
				25FBCC2526374B5A00C68C03 /* Tests_macOS.swift */,
				25FBCC2726374B5A00C68C03 /* Info.plist */,
			);
			path = "Tests macOS";
			sourceTree = "<group>";
		};
/* End PBXGroup section */

/* Begin PBXNativeTarget section */
		25FBCC0526374B5A00C68C03 /* Basic Calculator App (iOS) */ = {
			isa = PBXNativeTarget;
			buildConfigurationList = 25FBCC3026374B5A00C68C03 /* Build configuration list for PBXNativeTarget "Basic Calculator App (iOS)" */;
			buildPhases = (
				25FBCC0226374B5A00C68C03 /* Sources */,
				25FBCC0326374B5A00C68C03 /* Frameworks */,
				25FBCC0426374B5A00C68C03 /* Resources */,
			);
			buildRules = (
			);
			dependencies = (
			);
			name = "Basic Calculator App (iOS)";
			productName = "Basic Calculator App (iOS)";
			productReference = 25FBCC0626374B5A00C68C03 /* Basic Calculator App.app */;
			productType = "com.apple.product-type.application";
		};
		25FBCC0D26374B5A00C68C03 /* Basic Calculator App (macOS) */ = {
			isa = PBXNativeTarget;
			buildConfigurationList = 25FBCC3326374B5A00C68C03 /* Build configuration list for PBXNativeTarget "Basic Calculator App (macOS)" */;
			buildPhases = (
				25FBCC0A26374B5A00C68C03 /* Sources */,
				25FBCC0B26374B5A00C68C03 /* Frameworks */,
				25FBCC0C26374B5A00C68C03 /* Resources */,
			);
			buildRules = (
			);
			dependencies = (
			);
			name = "Basic Calculator App (macOS)";
			productName = "Basic Calculator App (macOS)";
			productReference = 25FBCC0E26374B5A00C68C03 /* Basic Calculator App.app */;
			productType = "com.apple.product-type.application";
		};
		25FBCC1526374B5A00C68C03 /* Tests iOS */ = {
			isa = PBXNativeTarget;
			buildConfigurationList = 25FBCC3626374B5A00C68C03 /* Build configuration list for PBXNativeTarget "Tests iOS" */;
			buildPhases = (
				25FBCC1226374B5A00C68C03 /* Sources */,
				25FBCC1326374B5A00C68C03 /* Frameworks */,
				25FBCC1426374B5A00C68C03 /* Resources */,
			);
			buildRules = (
			);
			dependencies = (
				25FBCC1826374B5A00C68C03 /* PBXTargetDependency */,
			);
			name = "Tests iOS";
			productName = "Tests iOS";
			productReference = 25FBCC1626374B5A00C68C03 /* Tests iOS.xctest */;
			productType = "com.apple.product-type.bundle.ui-testing";
		};
		25FBCC2026374B5A00C68C03 /* Tests macOS */ = {
			isa = PBXNativeTarget;
			buildConfigurationList = 25FBCC3926374B5A00C68C03 /* Build configuration list for PBXNativeTarget "Tests macOS" */;
			buildPhases = (
				25FBCC1D26374B5A00C68C03 /* Sources */,
				25FBCC1E26374B5A00C68C03 /* Frameworks */,
				25FBCC1F26374B5A00C68C03 /* Resources */,
			);
			buildRules = (
			);
			dependencies = (
				25FBCC2326374B5A00C68C03 /* PBXTargetDependency */,
			);
			name = "Tests macOS";
			productName = "Tests macOS";
			productReference = 25FBCC2126374B5A00C68C03 /* Tests macOS.xctest */;
			productType = "com.apple.product-type.bundle.ui-testing";
		};
/* End PBXNativeTarget section */

/* Begin PBXProject section */
		25FBCBFA26374B5600C68C03 /* Project object */ = {
			isa = PBXProject;
			attributes = {
				LastSwiftUpdateCheck = 1240;
				LastUpgradeCheck = 1240;
				TargetAttributes = {
					25FBCC0526374B5A00C68C03 = {
						CreatedOnToolsVersion = 12.4;
					};
					25FBCC0D26374B5A00C68C03 = {
						CreatedOnToolsVersion = 12.4;
					};
					25FBCC1526374B5A00C68C03 = {
						CreatedOnToolsVersion = 12.4;
						TestTargetID = 25FBCC0526374B5A00C68C03;
					};
					25FBCC2026374B5A00C68C03 = {
						CreatedOnToolsVersion = 12.4;
						TestTargetID = 25FBCC0D26374B5A00C68C03;
					};
				};
			};
			buildConfigurationList = 25FBCBFD26374B5600C68C03 /* Build configuration list for PBXProject "Basic Calculator App" */;
			compatibilityVersion = "Xcode 9.3";
			developmentRegion = en;
			hasScannedForEncodings = 0;
			knownRegions = (
				en,
				Base,
			);
			mainGroup = 25FBCBF926374B5600C68C03;
			productRefGroup = 25FBCC0726374B5A00C68C03 /* Products */;
			projectDirPath = "";
			projectRoot = "";
			targets = (
				25FBCC0526374B5A00C68C03 /* Basic Calculator App (iOS) */,
				25FBCC0D26374B5A00C68C03 /* Basic Calculator App (macOS) */,
				25FBCC1526374B5A00C68C03 /* Tests iOS */,
				25FBCC2026374B5A00C68C03 /* Tests macOS */,
			);
		};
/* End PBXProject section */

/* Begin PBXResourcesBuildPhase section */
		25FBCC0426374B5A00C68C03 /* Resources */ = {
			isa = PBXResourcesBuildPhase;
			buildActionMask = 2147483647;
			files = (
				25FBCC2C26374B5A00C68C03 /* Assets.xcassets in Resources */,
			);
			runOnlyForDeploymentPostprocessing = 0;
		};
		25FBCC0C26374B5A00C68C03 /* Resources */ = {
			isa = PBXResourcesBuildPhase;
			buildActionMask = 2147483647;
			files = (
				25FBCC2D26374B5A00C68C03 /* Assets.xcassets in Resources */,
			);
			runOnlyForDeploymentPostprocessing = 0;
		};
		25FBCC1426374B5A00C68C03 /* Resources */ = {
			isa = PBXResourcesBuildPhase;
			buildActionMask = 2147483647;
			files = (
			);
			runOnlyForDeploymentPostprocessing = 0;
		};
		25FBCC1F26374B5A00C68C03 /* Resources */ = {
			isa = PBXResourcesBuildPhase;
			buildActionMask = 2147483647;
			files = (
			);
			runOnlyForDeploymentPostprocessing = 0;
		};
/* End PBXResourcesBuildPhase section */

/* Begin PBXSourcesBuildPhase section */
		25FBCC0226374B5A00C68C03 /* Sources */ = {
			isa = PBXSourcesBuildPhase;
			buildActionMask = 2147483647;
			files = (
				25FBCC2A26374B5A00C68C03 /* ContentView.swift in Sources */,
				25FBCC2826374B5A00C68C03 /* Basic_Calculator_AppApp.swift in Sources */,
			);
			runOnlyForDeploymentPostprocessing = 0;
		};
		25FBCC0A26374B5A00C68C03 /* Sources */ = {
			isa = PBXSourcesBuildPhase;
			buildActionMask = 2147483647;
			files = (
				25FBCC2B26374B5A00C68C03 /* ContentView.swift in Sources */,
				25FBCC2926374B5A00C68C03 /* Basic_Calculator_AppApp.swift in Sources */,
			);
			runOnlyForDeploymentPostprocessing = 0;
		};
		25FBCC1226374B5A00C68C03 /* Sources */ = {
			isa = PBXSourcesBuildPhase;
			buildActionMask = 2147483647;
			files = (
				25FBCC1B26374B5A00C68C03 /* Tests_iOS.swift in Sources */,
			);
			runOnlyForDeploymentPostprocessing = 0;
		};
		25FBCC1D26374B5A00C68C03 /* Sources */ = {
			isa = PBXSourcesBuildPhase;
			buildActionMask = 2147483647;
			files = (
				25FBCC2626374B5A00C68C03 /* Tests_macOS.swift in Sources */,
			);
			runOnlyForDeploymentPostprocessing = 0;
		};
/* End PBXSourcesBuildPhase section */

/* Begin PBXTargetDependency section */
		25FBCC1826374B5A00C68C03 /* PBXTargetDependency */ = {
			isa = PBXTargetDependency;
			target = 25FBCC0526374B5A00C68C03 /* Basic Calculator App (iOS) */;
			targetProxy = 25FBCC1726374B5A00C68C03 /* PBXContainerItemProxy */;
		};
		25FBCC2326374B5A00C68C03 /* PBXTargetDependency */ = {
			isa = PBXTargetDependency;
			target = 25FBCC0D26374B5A00C68C03 /* Basic Calculator App (macOS) */;
			targetProxy = 25FBCC2226374B5A00C68C03 /* PBXContainerItemProxy */;
		};
/* End PBXTargetDependency section */

/* Begin XCBuildConfiguration section */
		25FBCC2E26374B5A00C68C03 /* Debug */ = {
			isa = XCBuildConfiguration;
			buildSettings = {
				ALWAYS_SEARCH_USER_PATHS = NO;
				CLANG_ANALYZER_NONNULL = YES;
				CLANG_ANALYZER_NUMBER_OBJECT_CONVERSION = YES_AGGRESSIVE;
				CLANG_CXX_LANGUAGE_STANDARD = "gnu++14";
				CLANG_CXX_LIBRARY = "libc++";
				CLANG_ENABLE_MODULES = YES;
				CLANG_ENABLE_OBJC_ARC = YES;
				CLANG_ENABLE_OBJC_WEAK = YES;
				CLANG_WARN_BLOCK_CAPTURE_AUTORELEASING = YES;
				CLANG_WARN_BOOL_CONVERSION = YES;
				CLANG_WARN_COMMA = YES;
				CLANG_WARN_CONSTANT_CONVERSION = YES;
				CLANG_WARN_DEPRECATED_OBJC_IMPLEMENTATIONS = YES;
				CLANG_WARN_DIRECT_OBJC_ISA_USAGE = YES_ERROR;
				CLANG_WARN_DOCUMENTATION_COMMENTS = YES;
				CLANG_WARN_EMPTY_BODY = YES;
				CLANG_WARN_ENUM_CONVERSION = YES;
				CLANG_WARN_INFINITE_RECURSION = YES;
				CLANG_WARN_INT_CONVERSION = YES;
				CLANG_WARN_NON_LITERAL_NULL_CONVERSION = YES;
				CLANG_WARN_OBJC_IMPLICIT_RETAIN_SELF = YES;
				CLANG_WARN_OBJC_LITERAL_CONVERSION = YES;
				CLANG_WARN_OBJC_ROOT_CLASS = YES_ERROR;
				CLANG_WARN_QUOTED_INCLUDE_IN_FRAMEWORK_HEADER = YES;
				CLANG_WARN_RANGE_LOOP_ANALYSIS = YES;
				CLANG_WARN_STRICT_PROTOTYPES = YES;
				CLANG_WARN_SUSPICIOUS_MOVE = YES;
				CLANG_WARN_UNGUARDED_AVAILABILITY = YES_AGGRESSIVE;
				CLANG_WARN_UNREACHABLE_CODE = YES;
				CLANG_WARN__DUPLICATE_METHOD_MATCH = YES;
				COPY_PHASE_STRIP = NO;
				DEBUG_INFORMATION_FORMAT = dwarf;
				ENABLE_STRICT_OBJC_MSGSEND = YES;
				ENABLE_TESTABILITY = YES;
				GCC_C_LANGUAGE_STANDARD = gnu11;
				GCC_DYNAMIC_NO_PIC = NO;
				GCC_NO_COMMON_BLOCKS = YES;
				GCC_OPTIMIZATION_LEVEL = 0;
				GCC_PREPROCESSOR_DEFINITIONS = (
					"DEBUG=1",
					"$(inherited)",
				);
				GCC_WARN_64_TO_32_BIT_CONVERSION = YES;
				GCC_WARN_ABOUT_RETURN_TYPE = YES_ERROR;
				GCC_WARN_UNDECLARED_SELECTOR = YES;
				GCC_WARN_UNINITIALIZED_AUTOS = YES_AGGRESSIVE;
				GCC_WARN_UNUSED_FUNCTION = YES;
				GCC_WARN_UNUSED_VARIABLE = YES;
				MTL_ENABLE_DEBUG_INFO = INCLUDE_SOURCE;
				MTL_FAST_MATH = YES;
				ONLY_ACTIVE_ARCH = YES;
				SWIFT_ACTIVE_COMPILATION_CONDITIONS = DEBUG;
				SWIFT_OPTIMIZATION_LEVEL = "-Onone";
			};
			name = Debug;
		};
		25FBCC2F26374B5A00C68C03 /* Release */ = {
			isa = XCBuildConfiguration;
			buildSettings = {
				ALWAYS_SEARCH_USER_PATHS = NO;
				CLANG_ANALYZER_NONNULL = YES;
				CLANG_ANALYZER_NUMBER_OBJECT_CONVERSION = YES_AGGRESSIVE;
				CLANG_CXX_LANGUAGE_STANDARD = "gnu++14";
				CLANG_CXX_LIBRARY = "libc++";
				CLANG_ENABLE_MODULES = YES;
				CLANG_ENABLE_OBJC_ARC = YES;
				CLANG_ENABLE_OBJC_WEAK = YES;
				CLANG_WARN_BLOCK_CAPTURE_AUTORELEASING = YES;
				CLANG_WARN_BOOL_CONVERSION = YES;
				CLANG_WARN_COMMA = YES;
				CLANG_WARN_CONSTANT_CONVERSION = YES;
				CLANG_WARN_DEPRECATED_OBJC_IMPLEMENTATIONS = YES;
				CLANG_WARN_DIRECT_OBJC_ISA_USAGE = YES_ERROR;
				CLANG_WARN_DOCUMENTATION_COMMENTS = YES;
				CLANG_WARN_EMPTY_BODY = YES;
				CLANG_WARN_ENUM_CONVERSION = YES;
				CLANG_WARN_INFINITE_RECURSION = YES;
				CLANG_WARN_INT_CONVERSION = YES;
				CLANG_WARN_NON_LITERAL_NULL_CONVERSION = YES;
				CLANG_WARN_OBJC_IMPLICIT_RETAIN_SELF = YES;
				CLANG_WARN_OBJC_LITERAL_CONVERSION = YES;
				CLANG_WARN_OBJC_ROOT_CLASS = YES_ERROR;
				CLANG_WARN_QUOTED_INCLUDE_IN_FRAMEWORK_HEADER = YES;
				CLANG_WARN_RANGE_LOOP_ANALYSIS = YES;
				CLANG_WARN_STRICT_PROTOTYPES = YES;
				CLANG_WARN_SUSPICIOUS_MOVE = YES;
				CLANG_WARN_UNGUARDED_AVAILABILITY = YES_AGGRESSIVE;
				CLANG_WARN_UNREACHABLE_CODE = YES;
				CLANG_WARN__DUPLICATE_METHOD_MATCH = YES;
				COPY_PHASE_STRIP = NO;
				DEBUG_INFORMATION_FORMAT = "dwarf-with-dsym";
				ENABLE_NS_ASSERTIONS = NO;
				ENABLE_STRICT_OBJC_MSGSEND = YES;
				GCC_C_LANGUAGE_STANDARD = gnu11;
				GCC_NO_COMMON_BLOCKS = YES;
				GCC_WARN_64_TO_32_BIT_CONVERSION = YES;
				GCC_WARN_ABOUT_RETURN_TYPE = YES_ERROR;
				GCC_WARN_UNDECLARED_SELECTOR = YES;
				GCC_WARN_UNINITIALIZED_AUTOS = YES_AGGRESSIVE;
				GCC_WARN_UNUSED_FUNCTION = YES;
				GCC_WARN_UNUSED_VARIABLE = YES;
				MTL_ENABLE_DEBUG_INFO = NO;
				MTL_FAST_MATH = YES;
				SWIFT_COMPILATION_MODE = wholemodule;
				SWIFT_OPTIMIZATION_LEVEL = "-O";
			};
			name = Release;
		};
		25FBCC3126374B5A00C68C03 /* Debug */ = {
			isa = XCBuildConfiguration;
			buildSettings = {
				ASSETCATALOG_COMPILER_APPICON_NAME = AppIcon;
				ASSETCATALOG_COMPILER_GLOBAL_ACCENT_COLOR_NAME = AccentColor;
				CODE_SIGN_STYLE = Automatic;
				DEVELOPMENT_TEAM = 3AY8455DVC;
				ENABLE_PREVIEWS = YES;
				INFOPLIST_FILE = iOS/Info.plist;
				IPHONEOS_DEPLOYMENT_TARGET = 14.0;
				LD_RUNPATH_SEARCH_PATHS = (
					"$(inherited)",
					"@executable_path/Frameworks",
				);
				PRODUCT_BUNDLE_IDENTIFIER = "com.stephanieyung.Basic-Calculator-App";
				PRODUCT_NAME = "Basic Calculator App";
				SDKROOT = iphoneos;
				SWIFT_VERSION = 5.0;
				TARGETED_DEVICE_FAMILY = "1,2";
			};
			name = Debug;
		};
		25FBCC3226374B5A00C68C03 /* Release */ = {
			isa = XCBuildConfiguration;
			buildSettings = {
				ASSETCATALOG_COMPILER_APPICON_NAME = AppIcon;
				ASSETCATALOG_COMPILER_GLOBAL_ACCENT_COLOR_NAME = AccentColor;
				CODE_SIGN_STYLE = Automatic;
				DEVELOPMENT_TEAM = 3AY8455DVC;
				ENABLE_PREVIEWS = YES;
				INFOPLIST_FILE = iOS/Info.plist;
				IPHONEOS_DEPLOYMENT_TARGET = 14.0;
				LD_RUNPATH_SEARCH_PATHS = (
					"$(inherited)",
					"@executable_path/Frameworks",
				);
				PRODUCT_BUNDLE_IDENTIFIER = "com.stephanieyung.Basic-Calculator-App";
				PRODUCT_NAME = "Basic Calculator App";
				SDKROOT = iphoneos;
				SWIFT_VERSION = 5.0;
				TARGETED_DEVICE_FAMILY = "1,2";
				VALIDATE_PRODUCT = YES;
			};
			name = Release;
		};
		25FBCC3426374B5A00C68C03 /* Debug */ = {
			isa = XCBuildConfiguration;
			buildSettings = {
				ASSETCATALOG_COMPILER_APPICON_NAME = AppIcon;
				ASSETCATALOG_COMPILER_GLOBAL_ACCENT_COLOR_NAME = AccentColor;
				CODE_SIGN_ENTITLEMENTS = macOS/macOS.entitlements;
				CODE_SIGN_STYLE = Automatic;
				COMBINE_HIDPI_IMAGES = YES;
				DEVELOPMENT_TEAM = 3AY8455DVC;
				ENABLE_HARDENED_RUNTIME = YES;
				ENABLE_PREVIEWS = YES;
				INFOPLIST_FILE = macOS/Info.plist;
				LD_RUNPATH_SEARCH_PATHS = (
					"$(inherited)",
					"@executable_path/../Frameworks",
				);
				MACOSX_DEPLOYMENT_TARGET = 11.0;
				PRODUCT_BUNDLE_IDENTIFIER = "com.stephanieyung.Basic-Calculator-App";
				PRODUCT_NAME = "Basic Calculator App";
				SDKROOT = macosx;
				SWIFT_VERSION = 5.0;
			};
			name = Debug;
		};
		25FBCC3526374B5A00C68C03 /* Release */ = {
			isa = XCBuildConfiguration;
			buildSettings = {
				ASSETCATALOG_COMPILER_APPICON_NAME = AppIcon;
				ASSETCATALOG_COMPILER_GLOBAL_ACCENT_COLOR_NAME = AccentColor;
				CODE_SIGN_ENTITLEMENTS = macOS/macOS.entitlements;
				CODE_SIGN_STYLE = Automatic;
				COMBINE_HIDPI_IMAGES = YES;
				DEVELOPMENT_TEAM = 3AY8455DVC;
				ENABLE_HARDENED_RUNTIME = YES;
				ENABLE_PREVIEWS = YES;
				INFOPLIST_FILE = macOS/Info.plist;
				LD_RUNPATH_SEARCH_PATHS = (
					"$(inherited)",
					"@executable_path/../Frameworks",
				);
				MACOSX_DEPLOYMENT_TARGET = 11.0;
				PRODUCT_BUNDLE_IDENTIFIER = "com.stephanieyung.Basic-Calculator-App";
				PRODUCT_NAME = "Basic Calculator App";
				SDKROOT = macosx;
				SWIFT_VERSION = 5.0;
			};
			name = Release;
		};
		25FBCC3726374B5A00C68C03 /* Debug */ = {
			isa = XCBuildConfiguration;
			buildSettings = {
				ALWAYS_EMBED_SWIFT_STANDARD_LIBRARIES = YES;
				CODE_SIGN_STYLE = Automatic;
				DEVELOPMENT_TEAM = 3AY8455DVC;
				INFOPLIST_FILE = "Tests iOS/Info.plist";
				IPHONEOS_DEPLOYMENT_TARGET = 14.4;
				LD_RUNPATH_SEARCH_PATHS = (
					"$(inherited)",
					"@executable_path/Frameworks",
					"@loader_path/Frameworks",
				);
				PRODUCT_BUNDLE_IDENTIFIER = "com.stephanieyung.Tests-iOS";
				PRODUCT_NAME = "$(TARGET_NAME)";
				SDKROOT = iphoneos;
				SWIFT_VERSION = 5.0;
				TARGETED_DEVICE_FAMILY = "1,2";
				TEST_TARGET_NAME = "Basic Calculator App (iOS)";
			};
			name = Debug;
		};
		25FBCC3826374B5A00C68C03 /* Release */ = {
			isa = XCBuildConfiguration;
			buildSettings = {
				ALWAYS_EMBED_SWIFT_STANDARD_LIBRARIES = YES;
				CODE_SIGN_STYLE = Automatic;
				DEVELOPMENT_TEAM = 3AY8455DVC;
				INFOPLIST_FILE = "Tests iOS/Info.plist";
				IPHONEOS_DEPLOYMENT_TARGET = 14.4;
				LD_RUNPATH_SEARCH_PATHS = (
					"$(inherited)",
					"@executable_path/Frameworks",
					"@loader_path/Frameworks",
				);
				PRODUCT_BUNDLE_IDENTIFIER = "com.stephanieyung.Tests-iOS";
				PRODUCT_NAME = "$(TARGET_NAME)";
				SDKROOT = iphoneos;
				SWIFT_VERSION = 5.0;
				TARGETED_DEVICE_FAMILY = "1,2";
				TEST_TARGET_NAME = "Basic Calculator App (iOS)";
				VALIDATE_PRODUCT = YES;
			};
			name = Release;
		};
		25FBCC3A26374B5A00C68C03 /* Debug */ = {
			isa = XCBuildConfiguration;
			buildSettings = {
				ALWAYS_EMBED_SWIFT_STANDARD_LIBRARIES = YES;
				CODE_SIGN_STYLE = Automatic;
				COMBINE_HIDPI_IMAGES = YES;
				DEVELOPMENT_TEAM = 3AY8455DVC;
				INFOPLIST_FILE = "Tests macOS/Info.plist";
				LD_RUNPATH_SEARCH_PATHS = (
					"$(inherited)",
					"@executable_path/../Frameworks",
					"@loader_path/../Frameworks",
				);
				MACOSX_DEPLOYMENT_TARGET = 11.1;
				PRODUCT_BUNDLE_IDENTIFIER = "com.stephanieyung.Tests-macOS";
				PRODUCT_NAME = "$(TARGET_NAME)";
				SDKROOT = macosx;
				SWIFT_VERSION = 5.0;
				TEST_TARGET_NAME = "Basic Calculator App (macOS)";
			};
			name = Debug;
		};
		25FBCC3B26374B5A00C68C03 /* Release */ = {
			isa = XCBuildConfiguration;
			buildSettings = {
				ALWAYS_EMBED_SWIFT_STANDARD_LIBRARIES = YES;
				CODE_SIGN_STYLE = Automatic;
				COMBINE_HIDPI_IMAGES = YES;
				DEVELOPMENT_TEAM = 3AY8455DVC;
				INFOPLIST_FILE = "Tests macOS/Info.plist";
				LD_RUNPATH_SEARCH_PATHS = (
					"$(inherited)",
					"@executable_path/../Frameworks",
					"@loader_path/../Frameworks",
				);
				MACOSX_DEPLOYMENT_TARGET = 11.1;
				PRODUCT_BUNDLE_IDENTIFIER = "com.stephanieyung.Tests-macOS";
				PRODUCT_NAME = "$(TARGET_NAME)";
				SDKROOT = macosx;
				SWIFT_VERSION = 5.0;
				TEST_TARGET_NAME = "Basic Calculator App (macOS)";
			};
			name = Release;
		};
/* End XCBuildConfiguration section */

/* Begin XCConfigurationList section */
		25FBCBFD26374B5600C68C03 /* Build configuration list for PBXProject "Basic Calculator App" */ = {
			isa = XCConfigurationList;
			buildConfigurations = (
				25FBCC2E26374B5A00C68C03 /* Debug */,
				25FBCC2F26374B5A00C68C03 /* Release */,
			);
			defaultConfigurationIsVisible = 0;
			defaultConfigurationName = Release;
		};
		25FBCC3026374B5A00C68C03 /* Build configuration list for PBXNativeTarget "Basic Calculator App (iOS)" */ = {
			isa = XCConfigurationList;
			buildConfigurations = (
				25FBCC3126374B5A00C68C03 /* Debug */,
				25FBCC3226374B5A00C68C03 /* Release */,
			);
			defaultConfigurationIsVisible = 0;
			defaultConfigurationName = Release;
		};
		25FBCC3326374B5A00C68C03 /* Build configuration list for PBXNativeTarget "Basic Calculator App (macOS)" */ = {
			isa = XCConfigurationList;
			buildConfigurations = (
				25FBCC3426374B5A00C68C03 /* Debug */,
				25FBCC3526374B5A00C68C03 /* Release */,
			);
			defaultConfigurationIsVisible = 0;
			defaultConfigurationName = Release;
		};
		25FBCC3626374B5A00C68C03 /* Build configuration list for PBXNativeTarget "Tests iOS" */ = {
			isa = XCConfigurationList;
			buildConfigurations = (
				25FBCC3726374B5A00C68C03 /* Debug */,
				25FBCC3826374B5A00C68C03 /* Release */,
			);
			defaultConfigurationIsVisible = 0;
			defaultConfigurationName = Release;
		};
		25FBCC3926374B5A00C68C03 /* Build configuration list for PBXNativeTarget "Tests macOS" */ = {
			isa = XCConfigurationList;
			buildConfigurations = (
				25FBCC3A26374B5A00C68C03 /* Debug */,
				25FBCC3B26374B5A00C68C03 /* Release */,
			);
			defaultConfigurationIsVisible = 0;
			defaultConfigurationName = Release;
		};
/* End XCConfigurationList section */
	};
	rootObject = 25FBCBFA26374B5600C68C03 /* Project object */;
}
